
Microsoft Visual Studio Solution File, Format Version 12.00
# Visual Studio Version 17
VisualStudioVersion = 17.11.35222.181
MinimumVisualStudioVersion = 10.0.40219.1
Project("{FAE04EC0-301F-11D3-BF4B-00C04F79EFBC}") = "DBProgrammingDemo1", "DBProgrammingDemo1\DBProgrammingDemo1.csproj", "{D9AFB8F6-65A2-4289-A728-6609DCE29CDA}"
EndProject
Global
	GlobalSection(SolutionConfigurationPlatforms) = preSolution
		Debug|Any CPU = Debug|Any CPU
		Release|Any CPU = Release|Any CPU
	EndGlobalSection
	GlobalSection(ProjectConfigurationPlatforms) = postSolution
		{D9AFB8F6-65A2-4289-A728-6609DCE29CDA}.Debug|Any CPU.ActiveCfg = Debug|Any CPU
		{D9AFB8F6-65A2-4289-A728-6609DCE29CDA}.Debug|Any CPU.Build.0 = Debug|Any CPU
		{D9AFB8F6-65A2-4289-A728-6609DCE29CDA}.Release|Any CPU.ActiveCfg = Release|Any CPU
		{D9AFB8F6-65A2-4289-A728-6609DCE29CDA}.Release|Any CPU.Build.0 = Release|Any CPU
	EndGlobalSection
	GlobalSection(SolutionProperties) = preSolution
		HideSolutionNode = FALSE
	EndGlobalSection
	GlobalSection(ExtensibilityGlobals) = postSolution
		SolutionGuid = {7F58BDB5-F1A2-4C26-B5D7-89073A6DD261}
	EndGlobalSection
EndGlobal
